// !$*UTF8*$!
{
	archiveVersion = 1;
	classes = {
	};
	objectVersion = 46;
	objects = {

/* Begin PBXBuildFile section */
		DE2AB4781F6D4CA100BA07A9 /* CharactersTableVC.swift in Sources */ = {isa = PBXBuildFile; fileRef = DE2AB4771F6D4CA100BA07A9 /* CharactersTableVC.swift */; };
		DE2AB47A1F6D501500BA07A9 /* CharacterCell.swift in Sources */ = {isa = PBXBuildFile; fileRef = DE2AB4791F6D501500BA07A9 /* CharacterCell.swift */; };
		DE2AB47C1F6D73EA00BA07A9 /* ShowDetailsVC.swift in Sources */ = {isa = PBXBuildFile; fileRef = DE2AB47B1F6D73EA00BA07A9 /* ShowDetailsVC.swift */; };
		DE2F440B1F69A84600559113 /* AppDelegate.swift in Sources */ = {isa = PBXBuildFile; fileRef = DE2F440A1F69A84600559113 /* AppDelegate.swift */; };
		DE2F440D1F69A84600559113 /* ViewController.swift in Sources */ = {isa = PBXBuildFile; fileRef = DE2F440C1F69A84600559113 /* ViewController.swift */; };
		DE2F44101F69A84600559113 /* Main.storyboard in Resources */ = {isa = PBXBuildFile; fileRef = DE2F440E1F69A84600559113 /* Main.storyboard */; };
		DE2F44121F69A84600559113 /* Assets.xcassets in Resources */ = {isa = PBXBuildFile; fileRef = DE2F44111F69A84600559113 /* Assets.xcassets */; };
		DE2F44151F69A84600559113 /* LaunchScreen.storyboard in Resources */ = {isa = PBXBuildFile; fileRef = DE2F44131F69A84600559113 /* LaunchScreen.storyboard */; };
		DE2F441D1F69ACC900559113 /* WebData.plist in Resources */ = {isa = PBXBuildFile; fileRef = DE2F441C1F69ACC900559113 /* WebData.plist */; };
		DE2F60371F7183A100A69CC5 /* StarWarsPListTests.swift in Sources */ = {isa = PBXBuildFile; fileRef = DE2F60361F7183A100A69CC5 /* StarWarsPListTests.swift */; };
		DE2F604D1F718C3C00A69CC5 /* StarWarsIntegrationTests.swift in Sources */ = {isa = PBXBuildFile; fileRef = DE2F604C1F718C3C00A69CC5 /* StarWarsIntegrationTests.swift */; };
		DE34FF541F6C46BB000B2AE2 /* Character.swift in Sources */ = {isa = PBXBuildFile; fileRef = DE34FF531F6C46BB000B2AE2 /* Character.swift */; };
		DE34FF561F6C48BF000B2AE2 /* WebService.swift in Sources */ = {isa = PBXBuildFile; fileRef = DE34FF551F6C48BF000B2AE2 /* WebService.swift */; };
		DE34FF581F6C4C75000B2AE2 /* JSON.swift in Sources */ = {isa = PBXBuildFile; fileRef = DE34FF571F6C4C75000B2AE2 /* JSON.swift */; };
		DECBEC841F6EFEE600ACF414 /* WebViewVC.swift in Sources */ = {isa = PBXBuildFile; fileRef = DECBEC831F6EFEE600ACF414 /* WebViewVC.swift */; };
		DECBEC871F6F010200ACF414 /* PListHelper.swift in Sources */ = {isa = PBXBuildFile; fileRef = DECBEC861F6F010200ACF414 /* PListHelper.swift */; };
/* End PBXBuildFile section */

/* Begin PBXContainerItemProxy section */
		DE2F60391F7183A100A69CC5 /* PBXContainerItemProxy */ = {
			isa = PBXContainerItemProxy;
			containerPortal = DE2F43FF1F69A84600559113 /* Project object */;
			proxyType = 1;
			remoteGlobalIDString = DE2F44061F69A84600559113;
			remoteInfo = StarWarsCharacters;
		};
		DE2F604F1F718C3C00A69CC5 /* PBXContainerItemProxy */ = {
			isa = PBXContainerItemProxy;
			containerPortal = DE2F43FF1F69A84600559113 /* Project object */;
			proxyType = 1;
			remoteGlobalIDString = DE2F44061F69A84600559113;
			remoteInfo = StarWarsCharacters;
		};
		DE2F605D1F719B9600A69CC5 /* PBXContainerItemProxy */ = {
			isa = PBXContainerItemProxy;
			containerPortal = DE2F43FF1F69A84600559113 /* Project object */;
			proxyType = 1;
			remoteGlobalIDString = DE2F44061F69A84600559113;
			remoteInfo = StarWarsCharacters;
		};
/* End PBXContainerItemProxy section */

/* Begin PBXFileReference section */
		DE2AB4771F6D4CA100BA07A9 /* CharactersTableVC.swift */ = {isa = PBXFileReference; fileEncoding = 4; lastKnownFileType = sourcecode.swift; path = CharactersTableVC.swift; sourceTree = "<group>"; };
		DE2AB4791F6D501500BA07A9 /* CharacterCell.swift */ = {isa = PBXFileReference; fileEncoding = 4; lastKnownFileType = sourcecode.swift; path = CharacterCell.swift; sourceTree = "<group>"; };
		DE2AB47B1F6D73EA00BA07A9 /* ShowDetailsVC.swift */ = {isa = PBXFileReference; fileEncoding = 4; lastKnownFileType = sourcecode.swift; path = ShowDetailsVC.swift; sourceTree = "<group>"; };
		DE2F44071F69A84600559113 /* StarWarsCharacters.app */ = {isa = PBXFileReference; explicitFileType = wrapper.application; includeInIndex = 0; path = StarWarsCharacters.app; sourceTree = BUILT_PRODUCTS_DIR; };
		DE2F440A1F69A84600559113 /* AppDelegate.swift */ = {isa = PBXFileReference; lastKnownFileType = sourcecode.swift; path = AppDelegate.swift; sourceTree = "<group>"; };
		DE2F440C1F69A84600559113 /* ViewController.swift */ = {isa = PBXFileReference; lastKnownFileType = sourcecode.swift; path = ViewController.swift; sourceTree = "<group>"; };
		DE2F440F1F69A84600559113 /* Base */ = {isa = PBXFileReference; lastKnownFileType = file.storyboard; name = Base; path = Base.lproj/Main.storyboard; sourceTree = "<group>"; };
		DE2F44111F69A84600559113 /* Assets.xcassets */ = {isa = PBXFileReference; lastKnownFileType = folder.assetcatalog; path = Assets.xcassets; sourceTree = "<group>"; };
		DE2F44141F69A84600559113 /* Base */ = {isa = PBXFileReference; lastKnownFileType = file.storyboard; name = Base; path = Base.lproj/LaunchScreen.storyboard; sourceTree = "<group>"; };
		DE2F44161F69A84600559113 /* Info.plist */ = {isa = PBXFileReference; lastKnownFileType = text.plist.xml; path = Info.plist; sourceTree = "<group>"; };
		DE2F441C1F69ACC900559113 /* WebData.plist */ = {isa = PBXFileReference; fileEncoding = 4; lastKnownFileType = text.plist.xml; path = WebData.plist; sourceTree = "<group>"; };
		DE2F60341F7183A100A69CC5 /* StarWarsPListTests.xctest */ = {isa = PBXFileReference; explicitFileType = wrapper.cfbundle; includeInIndex = 0; path = StarWarsPListTests.xctest; sourceTree = BUILT_PRODUCTS_DIR; };
		DE2F60361F7183A100A69CC5 /* StarWarsPListTests.swift */ = {isa = PBXFileReference; lastKnownFileType = sourcecode.swift; path = StarWarsPListTests.swift; sourceTree = "<group>"; };
		DE2F60381F7183A100A69CC5 /* Info.plist */ = {isa = PBXFileReference; lastKnownFileType = text.plist.xml; path = Info.plist; sourceTree = "<group>"; };
		DE2F604A1F718C3C00A69CC5 /* StarWarsIntegrationTests.xctest */ = {isa = PBXFileReference; explicitFileType = wrapper.cfbundle; includeInIndex = 0; path = StarWarsIntegrationTests.xctest; sourceTree = BUILT_PRODUCTS_DIR; };
		DE2F604C1F718C3C00A69CC5 /* StarWarsIntegrationTests.swift */ = {isa = PBXFileReference; lastKnownFileType = sourcecode.swift; path = StarWarsIntegrationTests.swift; sourceTree = "<group>"; };
		DE2F604E1F718C3C00A69CC5 /* Info.plist */ = {isa = PBXFileReference; lastKnownFileType = text.plist.xml; path = Info.plist; sourceTree = "<group>"; };
		DE2F60581F719B9600A69CC5 /* StarWarsCharactersTests2.xctest */ = {isa = PBXFileReference; explicitFileType = wrapper.cfbundle; includeInIndex = 0; path = StarWarsCharactersTests2.xctest; sourceTree = BUILT_PRODUCTS_DIR; };
		DE34FF531F6C46BB000B2AE2 /* Character.swift */ = {isa = PBXFileReference; fileEncoding = 4; lastKnownFileType = sourcecode.swift; path = Character.swift; sourceTree = "<group>"; };
		DE34FF551F6C48BF000B2AE2 /* WebService.swift */ = {isa = PBXFileReference; fileEncoding = 4; lastKnownFileType = sourcecode.swift; path = WebService.swift; sourceTree = "<group>"; };
		DE34FF571F6C4C75000B2AE2 /* JSON.swift */ = {isa = PBXFileReference; fileEncoding = 4; lastKnownFileType = sourcecode.swift; path = JSON.swift; sourceTree = "<group>"; };
		DECBEC831F6EFEE600ACF414 /* WebViewVC.swift */ = {isa = PBXFileReference; fileEncoding = 4; lastKnownFileType = sourcecode.swift; path = WebViewVC.swift; sourceTree = "<group>"; };
		DECBEC861F6F010200ACF414 /* PListHelper.swift */ = {isa = PBXFileReference; fileEncoding = 4; lastKnownFileType = sourcecode.swift; path = PListHelper.swift; sourceTree = "<group>"; };
/* End PBXFileReference section */

/* Begin PBXFrameworksBuildPhase section */
		DE2F44041F69A84600559113 /* Frameworks */ = {
			isa = PBXFrameworksBuildPhase;
			buildActionMask = 2147483647;
			files = (
			);
			runOnlyForDeploymentPostprocessing = 0;
		};
		DE2F60311F7183A100A69CC5 /* Frameworks */ = {
			isa = PBXFrameworksBuildPhase;
			buildActionMask = 2147483647;
			files = (
			);
			runOnlyForDeploymentPostprocessing = 0;
		};
		DE2F60471F718C3C00A69CC5 /* Frameworks */ = {
			isa = PBXFrameworksBuildPhase;
			buildActionMask = 2147483647;
			files = (
			);
			runOnlyForDeploymentPostprocessing = 0;
		};
		DE2F60551F719B9600A69CC5 /* Frameworks */ = {
			isa = PBXFrameworksBuildPhase;
			buildActionMask = 2147483647;
			files = (
			);
			runOnlyForDeploymentPostprocessing = 0;
		};
/* End PBXFrameworksBuildPhase section */

/* Begin PBXGroup section */
		DE2F43FE1F69A84600559113 = {
			isa = PBXGroup;
			children = (
				DE2F44091F69A84600559113 /* StarWarsCharacters */,
				DE2F60351F7183A100A69CC5 /* StarWarsCharactersTests */,
				DE2F604B1F718C3C00A69CC5 /* StarWarsIntegrationTests */,
				DE2F44081F69A84600559113 /* Products */,
			);
			sourceTree = "<group>";
		};
		DE2F44081F69A84600559113 /* Products */ = {
			isa = PBXGroup;
			children = (
				DE2F44071F69A84600559113 /* StarWarsCharacters.app */,
				DE2F60341F7183A100A69CC5 /* StarWarsPListTests.xctest */,
				DE2F604A1F718C3C00A69CC5 /* StarWarsIntegrationTests.xctest */,
				DE2F60581F719B9600A69CC5 /* StarWarsCharactersTests2.xctest */,
			);
			name = Products;
			sourceTree = "<group>";
		};
		DE2F44091F69A84600559113 /* StarWarsCharacters */ = {
			isa = PBXGroup;
			children = (
				DECBEC851F6F00BB00ACF414 /* Helpers */,
				DECBEC821F6EF88A00ACF414 /* Networking */,
				DECBEC811F6EF88300ACF414 /* Controller */,
				DECBEC801F6EF87B00ACF414 /* View */,
				DECBEC7F1F6EF87200ACF414 /* Model */,
				DE2F440A1F69A84600559113 /* AppDelegate.swift */,
				DE2F44111F69A84600559113 /* Assets.xcassets */,
				DE2F44131F69A84600559113 /* LaunchScreen.storyboard */,
				DE2F44161F69A84600559113 /* Info.plist */,
				DE2F441C1F69ACC900559113 /* WebData.plist */,
			);
			path = StarWarsCharacters;
			sourceTree = "<group>";
		};
		DE2F60351F7183A100A69CC5 /* StarWarsCharactersTests */ = {
			isa = PBXGroup;
			children = (
				DE2F60441F718BCA00A69CC5 /* UnitTests */,
			);
			name = StarWarsCharactersTests;
			path = StarWarsPListTests;
			sourceTree = "<group>";
		};
		DE2F60441F718BCA00A69CC5 /* UnitTests */ = {
			isa = PBXGroup;
			children = (
				DE2F60361F7183A100A69CC5 /* StarWarsPListTests.swift */,
				DE2F60381F7183A100A69CC5 /* Info.plist */,
			);
			name = UnitTests;
			sourceTree = "<group>";
		};
		DE2F604B1F718C3C00A69CC5 /* StarWarsIntegrationTests */ = {
			isa = PBXGroup;
			children = (
				DE2F604C1F718C3C00A69CC5 /* StarWarsIntegrationTests.swift */,
				DE2F604E1F718C3C00A69CC5 /* Info.plist */,
			);
			path = StarWarsIntegrationTests;
			sourceTree = "<group>";
		};
		DECBEC7F1F6EF87200ACF414 /* Model */ = {
			isa = PBXGroup;
			children = (
				DE34FF531F6C46BB000B2AE2 /* Character.swift */,
			);
			name = Model;
			sourceTree = "<group>";
		};
		DECBEC801F6EF87B00ACF414 /* View */ = {
			isa = PBXGroup;
			children = (
				DE2F440E1F69A84600559113 /* Main.storyboard */,
				DE2AB4791F6D501500BA07A9 /* CharacterCell.swift */,
			);
			name = View;
			sourceTree = "<group>";
		};
		DECBEC811F6EF88300ACF414 /* Controller */ = {
			isa = PBXGroup;
			children = (
				DE2AB4771F6D4CA100BA07A9 /* CharactersTableVC.swift */,
				DE2AB47B1F6D73EA00BA07A9 /* ShowDetailsVC.swift */,
				DE2F440C1F69A84600559113 /* ViewController.swift */,
				DECBEC831F6EFEE600ACF414 /* WebViewVC.swift */,
			);
			name = Controller;
			sourceTree = "<group>";
		};
		DECBEC821F6EF88A00ACF414 /* Networking */ = {
			isa = PBXGroup;
			children = (
				DE34FF551F6C48BF000B2AE2 /* WebService.swift */,
				DE34FF571F6C4C75000B2AE2 /* JSON.swift */,
			);
			name = Networking;
			sourceTree = "<group>";
		};
		DECBEC851F6F00BB00ACF414 /* Helpers */ = {
			isa = PBXGroup;
			children = (
				DECBEC861F6F010200ACF414 /* PListHelper.swift */,
			);
			name = Helpers;
			sourceTree = "<group>";
		};
/* End PBXGroup section */

/* Begin PBXNativeTarget section */
		DE2F44061F69A84600559113 /* StarWarsCharacters */ = {
			isa = PBXNativeTarget;
			buildConfigurationList = DE2F44191F69A84600559113 /* Build configuration list for PBXNativeTarget "StarWarsCharacters" */;
			buildPhases = (
				DE2F44031F69A84600559113 /* Sources */,
				DE2F44041F69A84600559113 /* Frameworks */,
				DE2F44051F69A84600559113 /* Resources */,
			);
			buildRules = (
			);
			dependencies = (
			);
			name = StarWarsCharacters;
			productName = StarWarsCharacters;
			productReference = DE2F44071F69A84600559113 /* StarWarsCharacters.app */;
			productType = "com.apple.product-type.application";
		};
		DE2F60331F7183A100A69CC5 /* StarWarsPListTests */ = {
			isa = PBXNativeTarget;
			buildConfigurationList = DE2F603B1F7183A100A69CC5 /* Build configuration list for PBXNativeTarget "StarWarsPListTests" */;
			buildPhases = (
				DE2F60301F7183A100A69CC5 /* Sources */,
				DE2F60311F7183A100A69CC5 /* Frameworks */,
				DE2F60321F7183A100A69CC5 /* Resources */,
			);
			buildRules = (
			);
			dependencies = (
				DE2F603A1F7183A100A69CC5 /* PBXTargetDependency */,
			);
			name = StarWarsPListTests;
			productName = StarWarsPListTests;
			productReference = DE2F60341F7183A100A69CC5 /* StarWarsPListTests.xctest */;
			productType = "com.apple.product-type.bundle.unit-test";
		};
		DE2F60491F718C3C00A69CC5 /* StarWarsIntegrationTests */ = {
			isa = PBXNativeTarget;
			buildConfigurationList = DE2F60511F718C3C00A69CC5 /* Build configuration list for PBXNativeTarget "StarWarsIntegrationTests" */;
			buildPhases = (
				DE2F60461F718C3C00A69CC5 /* Sources */,
				DE2F60471F718C3C00A69CC5 /* Frameworks */,
				DE2F60481F718C3C00A69CC5 /* Resources */,
			);
			buildRules = (
			);
			dependencies = (
				DE2F60501F718C3C00A69CC5 /* PBXTargetDependency */,
			);
			name = StarWarsIntegrationTests;
			productName = StarWarsIntegrationTests;
			productReference = DE2F604A1F718C3C00A69CC5 /* StarWarsIntegrationTests.xctest */;
			productType = "com.apple.product-type.bundle.unit-test";
		};
		DE2F60571F719B9600A69CC5 /* StarWarsCharactersTests2 */ = {
			isa = PBXNativeTarget;
			buildConfigurationList = DE2F605F1F719B9600A69CC5 /* Build configuration list for PBXNativeTarget "StarWarsCharactersTests2" */;
			buildPhases = (
				DE2F60541F719B9600A69CC5 /* Sources */,
				DE2F60551F719B9600A69CC5 /* Frameworks */,
				DE2F60561F719B9600A69CC5 /* Resources */,
			);
			buildRules = (
			);
			dependencies = (
				DE2F605E1F719B9600A69CC5 /* PBXTargetDependency */,
			);
			name = StarWarsCharactersTests2;
			productName = StarWarsCharactersTests2;
			productReference = DE2F60581F719B9600A69CC5 /* StarWarsCharactersTests2.xctest */;
			productType = "com.apple.product-type.bundle.unit-test";
		};
/* End PBXNativeTarget section */

/* Begin PBXProject section */
		DE2F43FF1F69A84600559113 /* Project object */ = {
			isa = PBXProject;
			attributes = {
				LastSwiftUpdateCheck = 0830;
				LastUpgradeCheck = 0830;
				ORGANIZATIONNAME = "Ivica Tokic";
				TargetAttributes = {
					DE2F44061F69A84600559113 = {
						CreatedOnToolsVersion = 8.3.3;
						ProvisioningStyle = Manual;
					};
					DE2F60331F7183A100A69CC5 = {
						CreatedOnToolsVersion = 8.3.3;
						ProvisioningStyle = Manual;
						TestTargetID = DE2F44061F69A84600559113;
					};
					DE2F60491F718C3C00A69CC5 = {
						CreatedOnToolsVersion = 8.3.3;
						DevelopmentTeam = SFNY78ZLT2;
						ProvisioningStyle = Automatic;
						TestTargetID = DE2F44061F69A84600559113;
					};
					DE2F60571F719B9600A69CC5 = {
						CreatedOnToolsVersion = 8.3.3;
						DevelopmentTeam = SFNY78ZLT2;
						ProvisioningStyle = Automatic;
						TestTargetID = DE2F44061F69A84600559113;
					};
				};
			};
			buildConfigurationList = DE2F44021F69A84600559113 /* Build configuration list for PBXProject "StarWarsCharacters" */;
			compatibilityVersion = "Xcode 3.2";
			developmentRegion = English;
			hasScannedForEncodings = 0;
			knownRegions = (
				en,
				Base,
			);
			mainGroup = DE2F43FE1F69A84600559113;
			productRefGroup = DE2F44081F69A84600559113 /* Products */;
			projectDirPath = "";
			projectRoot = "";
			targets = (
				DE2F44061F69A84600559113 /* StarWarsCharacters */,
				DE2F60331F7183A100A69CC5 /* StarWarsPListTests */,
				DE2F60491F718C3C00A69CC5 /* StarWarsIntegrationTests */,
				DE2F60571F719B9600A69CC5 /* StarWarsCharactersTests2 */,
			);
		};
/* End PBXProject section */

/* Begin PBXResourcesBuildPhase section */
		DE2F44051F69A84600559113 /* Resources */ = {
			isa = PBXResourcesBuildPhase;
			buildActionMask = 2147483647;
			files = (
				DE2F44151F69A84600559113 /* LaunchScreen.storyboard in Resources */,
				DE2F44121F69A84600559113 /* Assets.xcassets in Resources */,
				DE2F44101F69A84600559113 /* Main.storyboard in Resources */,
				DE2F441D1F69ACC900559113 /* WebData.plist in Resources */,
			);
			runOnlyForDeploymentPostprocessing = 0;
		};
		DE2F60321F7183A100A69CC5 /* Resources */ = {
			isa = PBXResourcesBuildPhase;
			buildActionMask = 2147483647;
			files = (
			);
			runOnlyForDeploymentPostprocessing = 0;
		};
		DE2F60481F718C3C00A69CC5 /* Resources */ = {
			isa = PBXResourcesBuildPhase;
			buildActionMask = 2147483647;
			files = (
			);
			runOnlyForDeploymentPostprocessing = 0;
		};
		DE2F60561F719B9600A69CC5 /* Resources */ = {
			isa = PBXResourcesBuildPhase;
			buildActionMask = 2147483647;
			files = (
			);
			runOnlyForDeploymentPostprocessing = 0;
		};
/* End PBXResourcesBuildPhase section */

/* Begin PBXSourcesBuildPhase section */
		DE2F44031F69A84600559113 /* Sources */ = {
			isa = PBXSourcesBuildPhase;
			buildActionMask = 2147483647;
			files = (
				DE34FF541F6C46BB000B2AE2 /* Character.swift in Sources */,
				DE34FF581F6C4C75000B2AE2 /* JSON.swift in Sources */,
				DECBEC841F6EFEE600ACF414 /* WebViewVC.swift in Sources */,
				DE2F440D1F69A84600559113 /* ViewController.swift in Sources */,
				DE2AB47A1F6D501500BA07A9 /* CharacterCell.swift in Sources */,
				DE34FF561F6C48BF000B2AE2 /* WebService.swift in Sources */,
				DE2F440B1F69A84600559113 /* AppDelegate.swift in Sources */,
				DE2AB47C1F6D73EA00BA07A9 /* ShowDetailsVC.swift in Sources */,
				DECBEC871F6F010200ACF414 /* PListHelper.swift in Sources */,
				DE2AB4781F6D4CA100BA07A9 /* CharactersTableVC.swift in Sources */,
			);
			runOnlyForDeploymentPostprocessing = 0;
		};
		DE2F60301F7183A100A69CC5 /* Sources */ = {
			isa = PBXSourcesBuildPhase;
			buildActionMask = 2147483647;
			files = (
				DE2F60371F7183A100A69CC5 /* StarWarsPListTests.swift in Sources */,
			);
			runOnlyForDeploymentPostprocessing = 0;
		};
		DE2F60461F718C3C00A69CC5 /* Sources */ = {
			isa = PBXSourcesBuildPhase;
			buildActionMask = 2147483647;
			files = (
				DE2F604D1F718C3C00A69CC5 /* StarWarsIntegrationTests.swift in Sources */,
			);
			runOnlyForDeploymentPostprocessing = 0;
		};
		DE2F60541F719B9600A69CC5 /* Sources */ = {
			isa = PBXSourcesBuildPhase;
			buildActionMask = 2147483647;
			files = (
			);
			runOnlyForDeploymentPostprocessing = 0;
		};
/* End PBXSourcesBuildPhase section */

/* Begin PBXTargetDependency section */
		DE2F603A1F7183A100A69CC5 /* PBXTargetDependency */ = {
			isa = PBXTargetDependency;
			target = DE2F44061F69A84600559113 /* StarWarsCharacters */;
			targetProxy = DE2F60391F7183A100A69CC5 /* PBXContainerItemProxy */;
		};
		DE2F60501F718C3C00A69CC5 /* PBXTargetDependency */ = {
			isa = PBXTargetDependency;
			target = DE2F44061F69A84600559113 /* StarWarsCharacters */;
			targetProxy = DE2F604F1F718C3C00A69CC5 /* PBXContainerItemProxy */;
		};
		DE2F605E1F719B9600A69CC5 /* PBXTargetDependency */ = {
			isa = PBXTargetDependency;
			target = DE2F44061F69A84600559113 /* StarWarsCharacters */;
			targetProxy = DE2F605D1F719B9600A69CC5 /* PBXContainerItemProxy */;
		};
/* End PBXTargetDependency section */

/* Begin PBXVariantGroup section */
		DE2F440E1F69A84600559113 /* Main.storyboard */ = {
			isa = PBXVariantGroup;
			children = (
				DE2F440F1F69A84600559113 /* Base */,
			);
			name = Main.storyboard;
			sourceTree = "<group>";
		};
		DE2F44131F69A84600559113 /* LaunchScreen.storyboard */ = {
			isa = PBXVariantGroup;
			children = (
				DE2F44141F69A84600559113 /* Base */,
			);
			name = LaunchScreen.storyboard;
			sourceTree = "<group>";
		};
/* End PBXVariantGroup section */

/* Begin XCBuildConfiguration section */
		DE2F44171F69A84600559113 /* Debug */ = {
			isa = XCBuildConfiguration;
			buildSettings = {
				ALWAYS_SEARCH_USER_PATHS = NO;
				CLANG_ANALYZER_NONNULL = YES;
				CLANG_ANALYZER_NUMBER_OBJECT_CONVERSION = YES_AGGRESSIVE;
				CLANG_CXX_LANGUAGE_STANDARD = "gnu++0x";
				CLANG_CXX_LIBRARY = "libc++";
				CLANG_ENABLE_MODULES = YES;
				CLANG_ENABLE_OBJC_ARC = YES;
				CLANG_WARN_BOOL_CONVERSION = YES;
				CLANG_WARN_CONSTANT_CONVERSION = YES;
				CLANG_WARN_DIRECT_OBJC_ISA_USAGE = YES_ERROR;
				CLANG_WARN_DOCUMENTATION_COMMENTS = YES;
				CLANG_WARN_EMPTY_BODY = YES;
				CLANG_WARN_ENUM_CONVERSION = YES;
				CLANG_WARN_INFINITE_RECURSION = YES;
				CLANG_WARN_INT_CONVERSION = YES;
				CLANG_WARN_OBJC_ROOT_CLASS = YES_ERROR;
				CLANG_WARN_SUSPICIOUS_MOVE = YES;
				CLANG_WARN_UNREACHABLE_CODE = YES;
				CLANG_WARN__DUPLICATE_METHOD_MATCH = YES;
				"CODE_SIGN_IDENTITY[sdk=iphoneos*]" = "iPhone Developer";
				COPY_PHASE_STRIP = NO;
				DEBUG_INFORMATION_FORMAT = dwarf;
				ENABLE_STRICT_OBJC_MSGSEND = YES;
				ENABLE_TESTABILITY = YES;
				GCC_C_LANGUAGE_STANDARD = gnu99;
				GCC_DYNAMIC_NO_PIC = NO;
				GCC_NO_COMMON_BLOCKS = YES;
				GCC_OPTIMIZATION_LEVEL = 0;
				GCC_PREPROCESSOR_DEFINITIONS = (
					"DEBUG=1",
					"$(inherited)",
				);
				GCC_WARN_64_TO_32_BIT_CONVERSION = YES;
				GCC_WARN_ABOUT_RETURN_TYPE = YES_ERROR;
				GCC_WARN_UNDECLARED_SELECTOR = YES;
				GCC_WARN_UNINITIALIZED_AUTOS = YES_AGGRESSIVE;
				GCC_WARN_UNUSED_FUNCTION = YES;
				GCC_WARN_UNUSED_VARIABLE = YES;
				IPHONEOS_DEPLOYMENT_TARGET = 10.3;
				MTL_ENABLE_DEBUG_INFO = YES;
				ONLY_ACTIVE_ARCH = YES;
				SDKROOT = iphoneos;
				SWIFT_ACTIVE_COMPILATION_CONDITIONS = DEBUG;
				SWIFT_OPTIMIZATION_LEVEL = "-Onone";
				TARGETED_DEVICE_FAMILY = "1,2";
			};
			name = Debug;
		};
		DE2F44181F69A84600559113 /* Release */ = {
			isa = XCBuildConfiguration;
			buildSettings = {
				ALWAYS_SEARCH_USER_PATHS = NO;
				CLANG_ANALYZER_NONNULL = YES;
				CLANG_ANALYZER_NUMBER_OBJECT_CONVERSION = YES_AGGRESSIVE;
				CLANG_CXX_LANGUAGE_STANDARD = "gnu++0x";
				CLANG_CXX_LIBRARY = "libc++";
				CLANG_ENABLE_MODULES = YES;
				CLANG_ENABLE_OBJC_ARC = YES;
				CLANG_WARN_BOOL_CONVERSION = YES;
				CLANG_WARN_CONSTANT_CONVERSION = YES;
				CLANG_WARN_DIRECT_OBJC_ISA_USAGE = YES_ERROR;
				CLANG_WARN_DOCUMENTATION_COMMENTS = YES;
				CLANG_WARN_EMPTY_BODY = YES;
				CLANG_WARN_ENUM_CONVERSION = YES;
				CLANG_WARN_INFINITE_RECURSION = YES;
				CLANG_WARN_INT_CONVERSION = YES;
				CLANG_WARN_OBJC_ROOT_CLASS = YES_ERROR;
				CLANG_WARN_SUSPICIOUS_MOVE = YES;
				CLANG_WARN_UNREACHABLE_CODE = YES;
				CLANG_WARN__DUPLICATE_METHOD_MATCH = YES;
				"CODE_SIGN_IDENTITY[sdk=iphoneos*]" = "iPhone Developer";
				COPY_PHASE_STRIP = NO;
				DEBUG_INFORMATION_FORMAT = "dwarf-with-dsym";
				ENABLE_NS_ASSERTIONS = NO;
				ENABLE_STRICT_OBJC_MSGSEND = YES;
				GCC_C_LANGUAGE_STANDARD = gnu99;
				GCC_NO_COMMON_BLOCKS = YES;
				GCC_WARN_64_TO_32_BIT_CONVERSION = YES;
				GCC_WARN_ABOUT_RETURN_TYPE = YES_ERROR;
				GCC_WARN_UNDECLARED_SELECTOR = YES;
				GCC_WARN_UNINITIALIZED_AUTOS = YES_AGGRESSIVE;
				GCC_WARN_UNUSED_FUNCTION = YES;
				GCC_WARN_UNUSED_VARIABLE = YES;
				IPHONEOS_DEPLOYMENT_TARGET = 10.3;
				MTL_ENABLE_DEBUG_INFO = NO;
				SDKROOT = iphoneos;
				SWIFT_OPTIMIZATION_LEVEL = "-Owholemodule";
				TARGETED_DEVICE_FAMILY = "1,2";
				VALIDATE_PRODUCT = YES;
			};
			name = Release;
		};
		DE2F441A1F69A84600559113 /* Debug */ = {
			isa = XCBuildConfiguration;
			buildSettings = {
				ASSETCATALOG_COMPILER_APPICON_NAME = AppIcon;
				DEVELOPMENT_TEAM = "";
				INFOPLIST_FILE = StarWarsCharacters/Info.plist;
				LD_RUNPATH_SEARCH_PATHS = "$(inherited) @executable_path/Frameworks";
				PRODUCT_BUNDLE_IDENTIFIER = com.app.StarWarsCharacters;
				PRODUCT_NAME = "$(TARGET_NAME)";
				PROVISIONING_PROFILE_SPECIFIER = "";
				SWIFT_VERSION = 3.0;
			};
			name = Debug;
		};
		DE2F441B1F69A84600559113 /* Release */ = {
			isa = XCBuildConfiguration;
			buildSettings = {
				ASSETCATALOG_COMPILER_APPICON_NAME = AppIcon;
				DEVELOPMENT_TEAM = "";
				INFOPLIST_FILE = StarWarsCharacters/Info.plist;
				LD_RUNPATH_SEARCH_PATHS = "$(inherited) @executable_path/Frameworks";
				PRODUCT_BUNDLE_IDENTIFIER = com.app.StarWarsCharacters;
				PRODUCT_NAME = "$(TARGET_NAME)";
				PROVISIONING_PROFILE_SPECIFIER = "";
				SWIFT_VERSION = 3.0;
			};
			name = Release;
		};
		DE2F603C1F7183A100A69CC5 /* Debug */ = {
			isa = XCBuildConfiguration;
			buildSettings = {
				BUNDLE_LOADER = "$(TEST_HOST)";
				DEVELOPMENT_TEAM = "";
				INFOPLIST_FILE = StarWarsPListTests/Info.plist;
				LD_RUNPATH_SEARCH_PATHS = "$(inherited) @executable_path/Frameworks @loader_path/Frameworks";
				PRODUCT_BUNDLE_IDENTIFIER = com.app.StarWarsPListTests;
				PRODUCT_NAME = "$(TARGET_NAME)";
				PROVISIONING_PROFILE_SPECIFIER = "";
				SWIFT_VERSION = 3.0;
				TEST_HOST = "$(BUILT_PRODUCTS_DIR)/StarWarsCharacters.app/StarWarsCharacters";
			};
			name = Debug;
		};
		DE2F603D1F7183A100A69CC5 /* Release */ = {
			isa = XCBuildConfiguration;
			buildSettings = {
				BUNDLE_LOADER = "$(TEST_HOST)";
				DEVELOPMENT_TEAM = "";
				INFOPLIST_FILE = StarWarsPListTests/Info.plist;
				LD_RUNPATH_SEARCH_PATHS = "$(inherited) @executable_path/Frameworks @loader_path/Frameworks";
				PRODUCT_BUNDLE_IDENTIFIER = com.app.StarWarsPListTests;
				PRODUCT_NAME = "$(TARGET_NAME)";
				PROVISIONING_PROFILE_SPECIFIER = "";
				SWIFT_VERSION = 3.0;
				TEST_HOST = "$(BUILT_PRODUCTS_DIR)/StarWarsCharacters.app/StarWarsCharacters";
			};
			name = Release;
		};
		DE2F60521F718C3C00A69CC5 /* Debug */ = {
			isa = XCBuildConfiguration;
			buildSettings = {
				BUNDLE_LOADER = "$(TEST_HOST)";
				DEVELOPMENT_TEAM = SFNY78ZLT2;
				INFOPLIST_FILE = StarWarsIntegrationTests/Info.plist;
				LD_RUNPATH_SEARCH_PATHS = "$(inherited) @executable_path/Frameworks @loader_path/Frameworks";
				PRODUCT_BUNDLE_IDENTIFIER = com.app.StarWarsIntegrationTests;
				PRODUCT_NAME = "$(TARGET_NAME)";
				SWIFT_VERSION = 3.0;
				TEST_HOST = "$(BUILT_PRODUCTS_DIR)/StarWarsCharacters.app/StarWarsCharacters";
			};
			name = Debug;
		};
		DE2F60531F718C3C00A69CC5 /* Release */ = {
			isa = XCBuildConfiguration;
			buildSettings = {
				BUNDLE_LOADER = "$(TEST_HOST)";
				DEVELOPMENT_TEAM = SFNY78ZLT2;
				INFOPLIST_FILE = StarWarsIntegrationTests/Info.plist;
				LD_RUNPATH_SEARCH_PATHS = "$(inherited) @executable_path/Frameworks @loader_path/Frameworks";
				PRODUCT_BUNDLE_IDENTIFIER = com.app.StarWarsIntegrationTests;
				PRODUCT_NAME = "$(TARGET_NAME)";
				SWIFT_VERSION = 3.0;
				TEST_HOST = "$(BUILT_PRODUCTS_DIR)/StarWarsCharacters.app/StarWarsCharacters";
			};
			name = Release;
		};
		DE2F60601F719B9600A69CC5 /* Debug */ = {
			isa = XCBuildConfiguration;
			buildSettings = {
				BUNDLE_LOADER = "$(TEST_HOST)";
				DEVELOPMENT_TEAM = SFNY78ZLT2;
				INFOPLIST_FILE = StarWarsCharactersTests2/Info.plist;
				LD_RUNPATH_SEARCH_PATHS = "$(inherited) @executable_path/Frameworks @loader_path/Frameworks";
				PRODUCT_BUNDLE_IDENTIFIER = com.app.StarWarsCharactersTests2;
				PRODUCT_NAME = "$(TARGET_NAME)";
				SWIFT_VERSION = 3.0;
				TEST_HOST = "$(BUILT_PRODUCTS_DIR)/StarWarsCharacters.app/StarWarsCharacters";
			};
			name = Debug;
		};
		DE2F60611F719B9600A69CC5 /* Release */ = {
			isa = XCBuildConfiguration;
			buildSettings = {
				BUNDLE_LOADER = "$(TEST_HOST)";
				DEVELOPMENT_TEAM = SFNY78ZLT2;
				INFOPLIST_FILE = StarWarsCharactersTests2/Info.plist;
				LD_RUNPATH_SEARCH_PATHS = "$(inherited) @executable_path/Frameworks @loader_path/Frameworks";
				PRODUCT_BUNDLE_IDENTIFIER = com.app.StarWarsCharactersTests2;
				PRODUCT_NAME = "$(TARGET_NAME)";
				SWIFT_VERSION = 3.0;
				TEST_HOST = "$(BUILT_PRODUCTS_DIR)/StarWarsCharacters.app/StarWarsCharacters";
			};
			name = Release;
		};
/* End XCBuildConfiguration section */

/* Begin XCConfigurationList section */
		DE2F44021F69A84600559113 /* Build configuration list for PBXProject "StarWarsCharacters" */ = {
			isa = XCConfigurationList;
			buildConfigurations = (
				DE2F44171F69A84600559113 /* Debug */,
				DE2F44181F69A84600559113 /* Release */,
			);
			defaultConfigurationIsVisible = 0;
			defaultConfigurationName = Release;
		};
		DE2F44191F69A84600559113 /* Build configuration list for PBXNativeTarget "StarWarsCharacters" */ = {
			isa = XCConfigurationList;
			buildConfigurations = (
				DE2F441A1F69A84600559113 /* Debug */,
				DE2F441B1F69A84600559113 /* Release */,
			);
			defaultConfigurationIsVisible = 0;
			defaultConfigurationName = Release;
		};
		DE2F603B1F7183A100A69CC5 /* Build configuration list for PBXNativeTarget "StarWarsPListTests" */ = {
			isa = XCConfigurationList;
			buildConfigurations = (
				DE2F603C1F7183A100A69CC5 /* Debug */,
				DE2F603D1F7183A100A69CC5 /* Release */,
			);
			defaultConfigurationIsVisible = 0;
		};
		DE2F60511F718C3C00A69CC5 /* Build configuration list for PBXNativeTarget "StarWarsIntegrationTests" */ = {
			isa = XCConfigurationList;
			buildConfigurations = (
				DE2F60521F718C3C00A69CC5 /* Debug */,
				DE2F60531F718C3C00A69CC5 /* Release */,
			);
			defaultConfigurationIsVisible = 0;
		};
		DE2F605F1F719B9600A69CC5 /* Build configuration list for PBXNativeTarget "StarWarsCharactersTests2" */ = {
			isa = XCConfigurationList;
			buildConfigurations = (
				DE2F60601F719B9600A69CC5 /* Debug */,
				DE2F60611F719B9600A69CC5 /* Release */,
			);
			defaultConfigurationIsVisible = 0;
		};
/* End XCConfigurationList section */
	};
	rootObject = DE2F43FF1F69A84600559113 /* Project object */;
}
